
Microsoft Visual Studio Solution File, Format Version 12.00
# Visual Studio Version 17
VisualStudioVersion = 17.5.33414.496
MinimumVisualStudioVersion = 10.0.40219.1
Project("{9A19103F-16F7-4668-BE54-9A1E7A4F7556}") = "DependencyGraph.Core", "DependencyGraph.Core\DependencyGraph.Core.csproj", "{79BB95B5-8831-44D0-9B9F-FB514C55DECE}"
EndProject
Project("{9A19103F-16F7-4668-BE54-9A1E7A4F7556}") = "DependencyGraph.App", "DependencyGraph.App\DependencyGraph.App.csproj", "{E6977BE8-FB12-4C7A-A993-CF1F043F06C9}"
EndProject
Project("{FAE04EC0-301F-11D3-BF4B-00C04F79EFBC}") = "DependencyGraph.App.IntegrationTests", "DependencyGraph.App.IntegrationTests\DependencyGraph.App.IntegrationTests.csproj", "{EE4FCBE0-DA9B-436E-A238-91C52407CA80}"
EndProject
Global
	GlobalSection(SolutionConfigurationPlatforms) = preSolution
		Debug|Any CPU = Debug|Any CPU
		Release|Any CPU = Release|Any CPU
	EndGlobalSection
	GlobalSection(ProjectConfigurationPlatforms) = postSolution
		{79BB95B5-8831-44D0-9B9F-FB514C55DECE}.Debug|Any CPU.ActiveCfg = Debug|Any CPU
		{79BB95B5-8831-44D0-9B9F-FB514C55DECE}.Debug|Any CPU.Build.0 = Debug|Any CPU
		{79BB95B5-8831-44D0-9B9F-FB514C55DECE}.Release|Any CPU.ActiveCfg = Release|Any CPU
		{79BB95B5-8831-44D0-9B9F-FB514C55DECE}.Release|Any CPU.Build.0 = Release|Any CPU
		{E6977BE8-FB12-4C7A-A993-CF1F043F06C9}.Debug|Any CPU.ActiveCfg = Debug|Any CPU
		{E6977BE8-FB12-4C7A-A993-CF1F043F06C9}.Debug|Any CPU.Build.0 = Debug|Any CPU
		{E6977BE8-FB12-4C7A-A993-CF1F043F06C9}.Release|Any CPU.ActiveCfg = Release|Any CPU
		{E6977BE8-FB12-4C7A-A993-CF1F043F06C9}.Release|Any CPU.Build.0 = Release|Any CPU
		{EE4FCBE0-DA9B-436E-A238-91C52407CA80}.Debug|Any CPU.ActiveCfg = Debug|Any CPU
		{EE4FCBE0-DA9B-436E-A238-91C52407CA80}.Debug|Any CPU.Build.0 = Debug|Any CPU
		{EE4FCBE0-DA9B-436E-A238-91C52407CA80}.Release|Any CPU.ActiveCfg = Release|Any CPU
		{EE4FCBE0-DA9B-436E-A238-91C52407CA80}.Release|Any CPU.Build.0 = Release|Any CPU
	EndGlobalSection
	GlobalSection(SolutionProperties) = preSolution
		HideSolutionNode = FALSE
	EndGlobalSection
	GlobalSection(ExtensibilityGlobals) = postSolution
		SolutionGuid = {1E0A2F4C-6430-4756-BFF0-84CD18AF4E1E}
	EndGlobalSection
EndGlobal
